
Microsoft Visual Studio Solution File, Format Version 12.00
# Visual Studio Version 17
VisualStudioVersion = 17.7.34221.43
MinimumVisualStudioVersion = 10.0.40219.1
Project("{9A19103F-16F7-4668-BE54-9A1E7A4F7556}") = "JSandwiches.API", "JSandwiches.API\JSandwiches.API.csproj", "{89EFB9DD-DCDF-43C1-84D2-3CC476752830}"
EndProject
Project("{9A19103F-16F7-4668-BE54-9A1E7A4F7556}") = "JSandwiches.Models", "JSandwiches.Models\JSandwiches.Models.csproj", "{5D1DF5F4-AED6-4565-BD94-B9BB415E9EC4}"
EndProject
Project("{FAE04EC0-301F-11D3-BF4B-00C04F79EFBC}") = "JSandwiches.MVC", "JSandwiches.MVC\JSandwiches.MVC.csproj", "{69D856CE-9E30-4E8B-BA51-3A2BB13F82B2}"
EndProject
Global
	GlobalSection(SolutionConfigurationPlatforms) = preSolution
		Debug|Any CPU = Debug|Any CPU
		Release|Any CPU = Release|Any CPU
	EndGlobalSection
	GlobalSection(ProjectConfigurationPlatforms) = postSolution
		{89EFB9DD-DCDF-43C1-84D2-3CC476752830}.Debug|Any CPU.ActiveCfg = Debug|Any CPU
		{89EFB9DD-DCDF-43C1-84D2-3CC476752830}.Debug|Any CPU.Build.0 = Debug|Any CPU
		{89EFB9DD-DCDF-43C1-84D2-3CC476752830}.Release|Any CPU.ActiveCfg = Release|Any CPU
		{89EFB9DD-DCDF-43C1-84D2-3CC476752830}.Release|Any CPU.Build.0 = Release|Any CPU
		{5D1DF5F4-AED6-4565-BD94-B9BB415E9EC4}.Debug|Any CPU.ActiveCfg = Debug|Any CPU
		{5D1DF5F4-AED6-4565-BD94-B9BB415E9EC4}.Debug|Any CPU.Build.0 = Debug|Any CPU
		{5D1DF5F4-AED6-4565-BD94-B9BB415E9EC4}.Release|Any CPU.ActiveCfg = Release|Any CPU
		{5D1DF5F4-AED6-4565-BD94-B9BB415E9EC4}.Release|Any CPU.Build.0 = Release|Any CPU
		{69D856CE-9E30-4E8B-BA51-3A2BB13F82B2}.Debug|Any CPU.ActiveCfg = Debug|Any CPU
		{69D856CE-9E30-4E8B-BA51-3A2BB13F82B2}.Debug|Any CPU.Build.0 = Debug|Any CPU
		{69D856CE-9E30-4E8B-BA51-3A2BB13F82B2}.Release|Any CPU.ActiveCfg = Release|Any CPU
		{69D856CE-9E30-4E8B-BA51-3A2BB13F82B2}.Release|Any CPU.Build.0 = Release|Any CPU
	EndGlobalSection
	GlobalSection(SolutionProperties) = preSolution
		HideSolutionNode = FALSE
	EndGlobalSection
	GlobalSection(ExtensibilityGlobals) = postSolution
		SolutionGuid = {B26CF905-3D6F-43E2-AF90-2E90A9FAC9BD}
	EndGlobalSection
EndGlobal
